
Microsoft Visual Studio Solution File, Format Version 12.00
# Visual Studio 15
VisualStudioVersion = 15.0.28307.106
MinimumVisualStudioVersion = 10.0.40219.1
Project("{FAE04EC0-301F-11D3-BF4B-00C04F79EFBC}") = "Purchase.UI", "Purchase.UI\Purchase.UI.csproj", "{BE0D1E1C-F89A-495B-99F1-F6403D9ECCAC}"
EndProject
Project("{FAE04EC0-301F-11D3-BF4B-00C04F79EFBC}") = "Purchase.Model", "Purchase.Model\Purchase.Model.csproj", "{C5397BB2-0BC0-4481-AEBE-B17853710FC5}"
EndProject
Project("{FAE04EC0-301F-11D3-BF4B-00C04F79EFBC}") = "Purchase.DataAccess", "Purchase.DataAccess\Purchase.DataAccess.csproj", "{EC9B9C15-8BCF-4427-9013-501B34B32C2D}"
EndProject
Global
	GlobalSection(SolutionConfigurationPlatforms) = preSolution
		Debug|Any CPU = Debug|Any CPU
		Release|Any CPU = Release|Any CPU
	EndGlobalSection
	GlobalSection(ProjectConfigurationPlatforms) = postSolution
		{BE0D1E1C-F89A-495B-99F1-F6403D9ECCAC}.Debug|Any CPU.ActiveCfg = Debug|Any CPU
		{BE0D1E1C-F89A-495B-99F1-F6403D9ECCAC}.Debug|Any CPU.Build.0 = Debug|Any CPU
		{BE0D1E1C-F89A-495B-99F1-F6403D9ECCAC}.Release|Any CPU.ActiveCfg = Release|Any CPU
		{BE0D1E1C-F89A-495B-99F1-F6403D9ECCAC}.Release|Any CPU.Build.0 = Release|Any CPU
		{C5397BB2-0BC0-4481-AEBE-B17853710FC5}.Debug|Any CPU.ActiveCfg = Debug|Any CPU
		{C5397BB2-0BC0-4481-AEBE-B17853710FC5}.Debug|Any CPU.Build.0 = Debug|Any CPU
		{C5397BB2-0BC0-4481-AEBE-B17853710FC5}.Release|Any CPU.ActiveCfg = Release|Any CPU
		{C5397BB2-0BC0-4481-AEBE-B17853710FC5}.Release|Any CPU.Build.0 = Release|Any CPU
		{EC9B9C15-8BCF-4427-9013-501B34B32C2D}.Debug|Any CPU.ActiveCfg = Debug|Any CPU
		{EC9B9C15-8BCF-4427-9013-501B34B32C2D}.Debug|Any CPU.Build.0 = Debug|Any CPU
		{EC9B9C15-8BCF-4427-9013-501B34B32C2D}.Release|Any CPU.ActiveCfg = Release|Any CPU
		{EC9B9C15-8BCF-4427-9013-501B34B32C2D}.Release|Any CPU.Build.0 = Release|Any CPU
	EndGlobalSection
	GlobalSection(SolutionProperties) = preSolution
		HideSolutionNode = FALSE
	EndGlobalSection
	GlobalSection(ExtensibilityGlobals) = postSolution
		SolutionGuid = {36FC0084-F957-4FCB-9F47-38AAD005989D}
	EndGlobalSection
EndGlobal
